
Microsoft Visual Studio Solution File, Format Version 12.00
# Visual Studio Version 17
VisualStudioVersion = 17.6.33829.357
MinimumVisualStudioVersion = 10.0.40219.1
Project("{9A19103F-16F7-4668-BE54-9A1E7A4F7556}") = "RoomsReservations", "RoomsReservations\RoomsReservations.csproj", "{7F72A31C-9AFF-4201-89FE-6668085F2192}"
EndProject
Project("{9A19103F-16F7-4668-BE54-9A1E7A4F7556}") = "Application", "Application\Application.csproj", "{5EF626BE-C3B8-40B7-8485-5F1FBBAFD964}"
EndProject
Project("{9A19103F-16F7-4668-BE54-9A1E7A4F7556}") = "Infrastructure", "Infrastructure\Infrastructure.csproj", "{90127D3F-FA7A-47B6-8F17-83AF67CD7EFE}"
EndProject
Project("{9A19103F-16F7-4668-BE54-9A1E7A4F7556}") = "API", "API\API.csproj", "{19C3F01A-F82C-4367-A609-99A687B4152D}"
EndProject
Global
	GlobalSection(SolutionConfigurationPlatforms) = preSolution
		Debug|Any CPU = Debug|Any CPU
		Release|Any CPU = Release|Any CPU
	EndGlobalSection
	GlobalSection(ProjectConfigurationPlatforms) = postSolution
		{7F72A31C-9AFF-4201-89FE-6668085F2192}.Debug|Any CPU.ActiveCfg = Debug|Any CPU
		{7F72A31C-9AFF-4201-89FE-6668085F2192}.Debug|Any CPU.Build.0 = Debug|Any CPU
		{7F72A31C-9AFF-4201-89FE-6668085F2192}.Release|Any CPU.ActiveCfg = Release|Any CPU
		{7F72A31C-9AFF-4201-89FE-6668085F2192}.Release|Any CPU.Build.0 = Release|Any CPU
		{5EF626BE-C3B8-40B7-8485-5F1FBBAFD964}.Debug|Any CPU.ActiveCfg = Debug|Any CPU
		{5EF626BE-C3B8-40B7-8485-5F1FBBAFD964}.Debug|Any CPU.Build.0 = Debug|Any CPU
		{5EF626BE-C3B8-40B7-8485-5F1FBBAFD964}.Release|Any CPU.ActiveCfg = Release|Any CPU
		{5EF626BE-C3B8-40B7-8485-5F1FBBAFD964}.Release|Any CPU.Build.0 = Release|Any CPU
		{90127D3F-FA7A-47B6-8F17-83AF67CD7EFE}.Debug|Any CPU.ActiveCfg = Debug|Any CPU
		{90127D3F-FA7A-47B6-8F17-83AF67CD7EFE}.Debug|Any CPU.Build.0 = Debug|Any CPU
		{90127D3F-FA7A-47B6-8F17-83AF67CD7EFE}.Release|Any CPU.ActiveCfg = Release|Any CPU
		{90127D3F-FA7A-47B6-8F17-83AF67CD7EFE}.Release|Any CPU.Build.0 = Release|Any CPU
		{19C3F01A-F82C-4367-A609-99A687B4152D}.Debug|Any CPU.ActiveCfg = Debug|Any CPU
		{19C3F01A-F82C-4367-A609-99A687B4152D}.Debug|Any CPU.Build.0 = Debug|Any CPU
		{19C3F01A-F82C-4367-A609-99A687B4152D}.Release|Any CPU.ActiveCfg = Release|Any CPU
		{19C3F01A-F82C-4367-A609-99A687B4152D}.Release|Any CPU.Build.0 = Release|Any CPU
	EndGlobalSection
	GlobalSection(SolutionProperties) = preSolution
		HideSolutionNode = FALSE
	EndGlobalSection
	GlobalSection(ExtensibilityGlobals) = postSolution
		SolutionGuid = {F03C292C-FEC0-41BD-95C2-B08674DE1D4E}
	EndGlobalSection
EndGlobal
